<?xml version="1.0" encoding="utf-8"?>
<Project ToolsVersion="4.0" xmlns="http://schemas.microsoft.com/developer/msbuild/2003">
  <ItemGroup>
    <Filter Include="Source Files">
      <UniqueIdentifier>{4FC737F1-C7A5-4376-A066-2A32D752A2FF}</UniqueIdentifier>
      <Extensions>cpp;c;cc;cxx;def;odl;idl;hpj;bat;asm;asmx</Extensions>
    </Filter>
    <Filter Include="Header Files">
      <UniqueIdentifier>{93995380-89BD-4b04-88EB-625FBE52EBFB}</UniqueIdentifier>
      <Extensions>h;hh;hpp;hxx;hm;inl;inc;ipp;xsd</Extensions>
    </Filter>
    <Filter Include="Resource Files">
      <UniqueIdentifier>{67DA6AB6-F800-4c08-8B7A-83BB121AAD01}</UniqueIdentifier>
      <Extensions>rc;ico;cur;bmp;dlg;rc2;rct;bin;rgs;gif;jpg;jpeg;jpe;resx;tiff;tif;png;wav;mfcribbon-ms</Extensions>
    </Filter>
    <Filter Include="Header Files\Core">
      <UniqueIdentifier>{700524b6-dc75-4a4f-8296-966e7a900f58}</UniqueIdentifier>
    </Filter>
    <Filter Include="Header Files\Entities">
      <UniqueIdentifier>{b162ab9a-26b8-4cb0-96ce-e7a150fa2cf0}</UniqueIdentifier>
    </Filter>
    <Filter Include="Header Files\States">
      <UniqueIdentifier>{9f817fff-7776-418a-abda-bb0217630296}</UniqueIdentifier>
    </Filter>
    <Filter Include="Header Files\UI">
      <UniqueIdentifier>{21107f72-d2b0-4456-9a1a-be79d7438714}</UniqueIdentifier>
    </Filter>
    <Filter Include="Header Files\Entities\Enemies">
      <UniqueIdentifier>{2f250d1f-9517-4f65-a731-3b33c4580916}</UniqueIdentifier>
    </Filter>
    <Filter Include="Header Files\Entities\NPCs">
      <UniqueIdentifier>{130f237e-9c50-4e18-af10-8f1113afe260}</UniqueIdentifier>
    </Filter>
    <Filter Include="Source Files\Core">
      <UniqueIdentifier>{7943eb7c-6a25-4356-a612-d41699a34ddf}</UniqueIdentifier>
    </Filter>
    <Filter Include="Source Files\Entities">
      <UniqueIdentifier>{dee5c558-88e5-476f-a1b9-4440b798b0cf}</UniqueIdentifier>
    </Filter>
    <Filter Include="Source Files\UI">
      <UniqueIdentifier>{76d8fb21-1fd9-49f9-9402-49ab42bb4f0b}</UniqueIdentifier>
    </Filter>
    <Filter Include="Source Files\States">
      <UniqueIdentifier>{5b3397c6-c194-46e5-9748-4b420ded6410}</UniqueIdentifier>
    </Filter>
    <Filter Include="Source Files\Entities\NPCs">
      <UniqueIdentifier>{b243d38c-02c7-4aab-a86c-bc3026ebcb75}</UniqueIdentifier>
    </Filter>
    <Filter Include="Source Files\Entities\Enemies">
      <UniqueIdentifier>{eb10fc11-2149-442f-a8b1-e54295f9b8e8}</UniqueIdentifier>
    </Filter>
    <Filter Include="Header Files\Entities\Items">
      <UniqueIdentifier>{ad1a9553-f309-4915-9085-27e5cb3d6b6b}</UniqueIdentifier>
    </Filter>
  </ItemGroup>
  <ItemGroup>
    <ClCompile Include="main.cpp">
      <Filter>Source Files</Filter>
    </ClCompile>
    <ClCompile Include="baseNPC.cpp">
      <Filter>Source Files\Entities\NPCs</Filter>
    </ClCompile>
    <ClCompile Include="bullet.cpp">
      <Filter>Source Files\Entities</Filter>
    </ClCompile>
    <ClCompile Include="dialogue.cpp">
      <Filter>Source Files\UI</Filter>
    </ClCompile>
    <ClCompile Include="enemy.cpp">
      <Filter>Source Files\Entities\Enemies</Filter>
    </ClCompile>
    <ClCompile Include="entity.cpp">
      <Filter>Source Files\Core</Filter>
    </ClCompile>
    <ClCompile Include="entityManager.cpp">
      <Filter>Source Files\Core</Filter>
    </ClCompile>
    <ClCompile Include="gameOver.cpp">
      <Filter>Source Files\States</Filter>
    </ClCompile>
    <ClCompile Include="mainGame.cpp">
      <Filter>Source Files\States</Filter>
    </ClCompile>
    <ClCompile Include="mainMenu.cpp">
      <Filter>Source Files\States</Filter>
    </ClCompile>
    <ClCompile Include="winScreen.cpp">
      <Filter>Source Files\States</Filter>
    </ClCompile>
    <ClCompile Include="lives.cpp">
      <Filter>Source Files\UI</Filter>
    </ClCompile>
    <ClCompile Include="souls.cpp">
      <Filter>Source Files\UI</Filter>
    </ClCompile>
    <ClCompile Include="map.cpp">
      <Filter>Source Files\Core</Filter>
    </ClCompile>
    <ClCompile Include="player.cpp">
      <Filter>Source Files\Entities</Filter>
    </ClCompile>
    <ClCompile Include="item.cpp">
      <Filter>Source Files\Entities</Filter>
    </ClCompile>
    <ClCompile Include="stamina.cpp">
      <Filter>Source Files\UI</Filter>
    </ClCompile>
    <ClCompile Include="mana.cpp">
      <Filter>Source Files\UI</Filter>
    </ClCompile>
  </ItemGroup>
  <ItemGroup>
    <ClInclude Include="baseNPC.h">
      <Filter>Header Files\Entities\NPCs</Filter>
    </ClInclude>
    <ClInclude Include="basil.h">
      <Filter>Header Files\Entities\NPCs</Filter>
    </ClInclude>
    <ClInclude Include="belphegor.h">
      <Filter>Header Files\Entities\NPCs</Filter>
    </ClInclude>
    <ClInclude Include="bianchi.h">
      <Filter>Header Files\Entities\NPCs</Filter>
    </ClInclude>
    <ClInclude Include="bullet.h">
      <Filter>Header Files\Entities</Filter>
    </ClInclude>
    <ClInclude Include="dialogue.h">
      <Filter>Header Files\UI</Filter>
    </ClInclude>
    <ClInclude Include="dino.h">
      <Filter>Header Files\Entities\NPCs</Filter>
    </ClInclude>
    <ClInclude Include="enemy.h">
      <Filter>Header Files\Entities\Enemies</Filter>
    </ClInclude>
    <ClInclude Include="entity.h">
      <Filter>Header Files\Core</Filter>
    </ClInclude>
    <ClInclude Include="entityManager.h">
      <Filter>Header Files\Core</Filter>
    </ClInclude>
    <ClInclude Include="gameOver.h">
      <Filter>Header Files\States</Filter>
    </ClInclude>
    <ClInclude Include="gameState.h">
      <Filter>Header Files\Core</Filter>
    </ClInclude>
    <ClInclude Include="hughes.h">
      <Filter>Header Files\Entities\NPCs</Filter>
    </ClInclude>
    <ClInclude Include="lives.h">
      <Filter>Header Files\UI</Filter>
    </ClInclude>
    <ClInclude Include="mainGame.h">
      <Filter>Header Files\States</Filter>
    </ClInclude>
    <ClInclude Include="mainMenu.h">
      <Filter>Header Files\States</Filter>
    </ClInclude>
    <ClInclude Include="saveSystem.h">
      <Filter>Header Files\Core</Filter>
    </ClInclude>
    <ClInclude Include="map.h">
      <Filter>Header Files\Core</Filter>
    </ClInclude>
    <ClInclude Include="player.h">
      <Filter>Header Files\Entities</Filter>
    </ClInclude>
    <ClInclude Include="playerBullet.h">
      <Filter>Header Files\Entities</Filter>
    </ClInclude>
    <ClInclude Include="souls.h">
      <Filter>Header Files\UI</Filter>
    </ClInclude>
    <ClInclude Include="wolf.h">
      <Filter>Header Files\Entities\Enemies</Filter>
    </ClInclude>
    <ClInclude Include="viper.h">
      <Filter>Header Files\Entities\NPCs</Filter>
    </ClInclude>
    <ClInclude Include="tsuna.h">
      <Filter>Header Files\Entities\NPCs</Filter>
    </ClInclude>
    <ClInclude Include="winScreen.h">
      <Filter>Header Files\States</Filter>
    </ClInclude>
    <ClInclude Include="hpPotion.h">
      <Filter>Header Files\Entities\Items</Filter>
    </ClInclude>
    <ClInclude Include="item.h">
      <Filter>Header Files\Entities\Items</Filter>
    </ClInclude>
    <ClInclude Include="snake.h">
      <Filter>Header Files\Entities\Enemies</Filter>
    </ClInclude>
    <ClInclude Include="tsunaNorm.h">
      <Filter>Header Files\Entities\Enemies</Filter>
    </ClInclude>
    <ClInclude Include="tsunaAngry.h">
      <Filter>Header Files\Entities\Enemies</Filter>
    </ClInclude>
    <ClInclude Include="viperMob.h">
      <Filter>Header Files\Entities\Enemies</Filter>
    </ClInclude>
    <ClInclude Include="bianchiBoss.h">
      <Filter>Header Files\Entities\Enemies</Filter>
    </ClInclude>
    <ClInclude Include="belphegorBoss.h">
      <Filter>Header Files\Entities\Enemies</Filter>
    </ClInclude>
    <ClInclude Include="dinoBoss.h">
      <Filter>Header Files\Entities\Enemies</Filter>
    </ClInclude>
    <ClInclude Include="basilBoss.h">
      <Filter>Header Files\Entities\Enemies</Filter>
    </ClInclude>
    <ClInclude Include="skeleton.h">
      <Filter>Header Files\Entities\Enemies</Filter>
    </ClInclude>
    <ClInclude Include="mpPotion.h">
      <Filter>Header Files\Entities\Items</Filter>
    </ClInclude>
    <ClInclude Include="mana.h">
      <Filter>Header Files\UI</Filter>
    </ClInclude>
    <ClInclude Include="stamina.h">
      <Filter>Header Files\UI</Filter>
    </ClInclude>
    <ClInclude Include="playerAOEBullet.h">
      <Filter>Header Files\Entities</Filter>
    </ClInclude>
  </ItemGroup>
</Project>